{
  "originHash" : "c1399a67c2bcaed0f2ba2e53037fd6449c89ad48f7824393881df3b1d1657e7d",
  "pins" : [
    {
      "identity" : "mio",
      "kind" : "remoteSourceControl",
      "location" : "https://github.com/akvilary/mio.git",
      "state" : {
        "revision" : "6db3c08f56cc93877b4554e9582d26b9b4320729",
        "version" : "0.2.0"
      }
    }
  ],
  "version" : 3
}
